
Microsoft Visual Studio Solution File, Format Version 11.00
# Visual Studio 2010
Project("{FAE04EC0-301F-11D3-BF4B-00C04F79EFBC}") = "SilverlightDemo", "SilverlightDemo\SilverlightDemo.csproj", "{C1310432-31B8-4B7B-87D3-4367B1E74092}"
EndProject
Project("{FAE04EC0-301F-11D3-BF4B-00C04F79EFBC}") = "SilverlightDemo.Web", "SilverlightDemo.Web\SilverlightDemo.Web.csproj", "{06F4706B-D461-4BE7-A91A-2C23B2B824F6}"
EndProject
Global
	GlobalSection(SolutionConfigurationPlatforms) = preSolution
		Debug|Any CPU = Debug|Any CPU
		Release|Any CPU = Release|Any CPU
	EndGlobalSection
	GlobalSection(ProjectConfigurationPlatforms) = postSolution
		{C1310432-31B8-4B7B-87D3-4367B1E74092}.Debug|Any CPU.ActiveCfg = Debug|Any CPU
		{C1310432-31B8-4B7B-87D3-4367B1E74092}.Debug|Any CPU.Build.0 = Debug|Any CPU
		{C1310432-31B8-4B7B-87D3-4367B1E74092}.Release|Any CPU.ActiveCfg = Release|Any CPU
		{C1310432-31B8-4B7B-87D3-4367B1E74092}.Release|Any CPU.Build.0 = Release|Any CPU
		{06F4706B-D461-4BE7-A91A-2C23B2B824F6}.Debug|Any CPU.ActiveCfg = Debug|Any CPU
		{06F4706B-D461-4BE7-A91A-2C23B2B824F6}.Debug|Any CPU.Build.0 = Debug|Any CPU
		{06F4706B-D461-4BE7-A91A-2C23B2B824F6}.Release|Any CPU.ActiveCfg = Release|Any CPU
		{06F4706B-D461-4BE7-A91A-2C23B2B824F6}.Release|Any CPU.Build.0 = Release|Any CPU
	EndGlobalSection
	GlobalSection(SolutionProperties) = preSolution
		HideSolutionNode = FALSE
	EndGlobalSection
EndGlobal
